<?xml version="1.0" encoding="utf-8"?>
<Project ToolsVersion="4.0" xmlns="http://schemas.microsoft.com/developer/msbuild/2003">
  <ItemGroup>
    <FxCompile Include="Resources\shaders\hlsl\Particle.PS.hlsl" />
    <FxCompile Include="Resources\shaders\hlsl\Particle.VS.hlsl" />
    <FxCompile Include="Resources\shaders\hlsl\Object3d.PS.hlsl" />
    <FxCompile Include="Resources\shaders\hlsl\Object3d.VS.hlsl" />
    <FxCompile Include="Resources\shaders\hlsl\ShadowMap.PS.hlsl" />
    <FxCompile Include="Resources\shaders\hlsl\ShadowMap.VS.hlsl" />
    <FxCompile Include="Resources\shaders\hlsl\Sprite.PS.hlsl" />
    <FxCompile Include="Resources\shaders\hlsl\Sprite.VS.hlsl" />
  </ItemGroup>
  <ItemGroup>
    <ClCompile Include="Engine\Utility\Camera.cpp" />
    <ClCompile Include="Engine\Utility\D3DResourceLeakChecker.cpp" />
    <ClCompile Include="Engine\Base\DirectXCommon.cpp" />
    <ClCompile Include="externals\imgui\imgui.cpp" />
    <ClCompile Include="externals\imgui\imgui_demo.cpp" />
    <ClCompile Include="externals\imgui\imgui_draw.cpp" />
    <ClCompile Include="externals\imgui\imgui_impl_dx12.cpp" />
    <ClCompile Include="externals\imgui\imgui_impl_win32.cpp" />
    <ClCompile Include="externals\imgui\imgui_tables.cpp" />
    <ClCompile Include="externals\imgui\imgui_widgets.cpp" />
    <ClCompile Include="Game\Entity\Goal.cpp" />
    <ClCompile Include="Engine\Base\Input.cpp" />
    <ClCompile Include="Engine\Base\Logger.cpp" />
    <ClCompile Include="Game\Entity\MapCursor.cpp" />
    <ClCompile Include="Engine\Graphics\3D\Model.cpp" />
    <ClCompile Include="Engine\Graphics\3D\ModelManager.cpp" />
    <ClCompile Include="Game\Scene\MyGame.cpp" />
    <ClCompile Include="Engine\Math\MyMath.cpp" />
    <ClCompile Include="Engine\Graphics\3D\Object3d.cpp" />
    <ClCompile Include="Engine\Graphics\3D\Object3dCommon.cpp" />
    <ClCompile Include="Engine\Graphics\Particle\ParticleManager.cpp" />
    <ClCompile Include="Game\Player\Player.cpp" />
    <ClCompile Include="Engine\Graphics\2D\Sprite.cpp" />
    <ClCompile Include="Engine\Graphics\2D\SpriteCommon.cpp" />
    <ClCompile Include="Engine\Graphics\3D\ShadowMap.cpp" />
    <ClCompile Include="Engine\Utility\LightCamera.cpp" />
    <ClCompile Include="src\app\main.cpp" />
    <ClCompile Include="Game\Stage\StageMap.cpp" />
    <ClCompile Include="Game\Stage\StageRenderer.cpp" />
    <ClCompile Include="Engine\Base\StringUtility.cpp" />
    <ClCompile Include="Engine\Graphics\2D\TextureManager.cpp" />
    <ClCompile Include="Engine\Base\WinApp.cpp" />
    <ClCompile Include="Game\Scene\TitleScene.cpp" />
    <ClCompile Include="Game\Scene\GameClearScene.cpp" />
    <ClCompile Include="Sound.cpp" />
  </ItemGroup>
  <ItemGroup>
    <ClInclude Include="Engine\Utility\Camera.h" />
    <ClInclude Include="Engine\Utility\D3DResourceLeakChecker.h" />
    <ClInclude Include="Engine\Base\DirectXCommon.h" />
    <ClInclude Include="externals\imgui\imconfig.h" />
    <ClInclude Include="externals\imgui\imgui.h" />
    <ClInclude Include="externals\imgui\imgui_impl_dx12.h" />
    <ClInclude Include="externals\imgui\imgui_impl_win32.h" />
    <ClInclude Include="externals\imgui\imgui_internal.h" />
    <ClInclude Include="externals\imgui\imstb_rectpack.h" />
    <ClInclude Include="externals\imgui\imstb_textedit.h" />
    <ClInclude Include="externals\imgui\imstb_truetype.h" />
    <ClInclude Include="Game\Entity\Goal.h" />
    <ClInclude Include="Engine\Base\Input.h" />
    <ClInclude Include="Engine\Base\Logger.h" />
    <ClInclude Include="Game\Entity\MapCursor.h" />
    <ClInclude Include="Engine\Graphics\3D\Model.h" />
    <ClInclude Include="Engine\Graphics\3D\ModelManager.h" />
    <ClInclude Include="Game\Scene\MyGame.h" />
    <ClInclude Include="Engine\Math\MyMath.h" />
    <ClInclude Include="Engine\Graphics\3D\Object3d.h" />
    <ClInclude Include="Engine\Graphics\3D\Object3dCommon.h" />
    <ClInclude Include="Engine\Graphics\Particle\ParticleManager.h" />
    <ClInclude Include="Game\Player\Player.h" />
    <ClInclude Include="Engine\Graphics\2D\Sprite.h" />
    <ClInclude Include="Engine\Graphics\2D\SpriteCommon.h" />
    <ClInclude Include="Game\Stage\StageMap.h" />
    <ClInclude Include="Game\Stage\StageRenderer.h" />
    <ClInclude Include="Engine\Base\StringUtility.h" />
    <ClInclude Include="Engine\Graphics\2D\TextureManager.h" />
    <ClInclude Include="Engine\Base\WinApp.h" />
    <ClInclude Include="Engine\Graphics\3D\ShadowMap.h" />
    <ClInclude Include="Game\Scene\TitleScene.h" />
    <ClInclude Include="Engine\Utility\LightCamera.h" />
    <ClInclude Include="Game\Scene\GameClearScene.h" />
    <ClInclude Include="Sound.h" />
  </ItemGroup>
  <ItemGroup>
    <None Include="Resources\shaders\hlsl\Particle.hlsli" />
    <None Include="Resources\shaders\hlsl\Object3d.hlsli" />
  </ItemGroup>
</Project>